
Microsoft Visual Studio Solution File, Format Version 12.00
# Visual Studio Version 17
VisualStudioVersion = 17.5.33424.131
MinimumVisualStudioVersion = 10.0.40219.1
Project("{9A19103F-16F7-4668-BE54-9A1E7A4F7556}") = "DiscordClient", "DiscordBot\DiscordClient.csproj", "{8D0E2D5D-5669-4079-8B19-80F709639F4B}"
EndProject
Project("{9A19103F-16F7-4668-BE54-9A1E7A4F7556}") = "BayfaderixCommon01", "MyLib\BayfaderixCommon01\BayfaderixCommon01.csproj", "{A7EEE053-84AE-4048-AD32-E1FFACE1B90B}"
EndProject
Project("{2150E333-8FDC-42A3-9474-1A3956D46DE8}") = "011. Discord", "011. Discord", "{B518D59E-56DA-4A54-984E-672C69477E5B}"
EndProject
Project("{2150E333-8FDC-42A3-9474-1A3956D46DE8}") = "001. Libraries", "001. Libraries", "{D00DEDE7-4703-4675-920D-120126DB6E52}"
EndProject
Project("{9A19103F-16F7-4668-BE54-9A1E7A4F7556}") = "DiscordUI", "DiscordUI\DiscordUI.csproj", "{0392B992-E4CB-4E48-A3FB-F6425A7E6290}"
EndProject
Project("{9A19103F-16F7-4668-BE54-9A1E7A4F7556}") = "Database", "Database\Database.csproj", "{AE4583FB-457C-4F9C-A91A-C50EE006190D}"
EndProject
Project("{9A19103F-16F7-4668-BE54-9A1E7A4F7556}") = "Bot", "Bot\Bot.csproj", "{45C3C095-6993-4ACB-B10D-8FC8647C5F9A}"
EndProject
Project("{2150E333-8FDC-42A3-9474-1A3956D46DE8}") = "012. Testing", "012. Testing", "{F56120C0-020E-4FBF-949B-6DEDF9229B53}"
EndProject
Project("{9A19103F-16F7-4668-BE54-9A1E7A4F7556}") = "ShopTest", "ShopTest\ShopTest.csproj", "{7944A752-0AF8-4246-8BF3-D78092A95539}"
EndProject
Project("{9A19103F-16F7-4668-BE54-9A1E7A4F7556}") = "InventoryTest", "InventoryTest\InventoryTest.csproj", "{5E9D7543-EAE3-4FB5-AAD4-DA3565E8F189}"
EndProject
Project("{9A19103F-16F7-4668-BE54-9A1E7A4F7556}") = "EconomyTest", "EconomyTest\EconomyTest.csproj", "{17A52D4F-40AF-40D5-9B6A-8562F934716E}"
EndProject
Project("{9A19103F-16F7-4668-BE54-9A1E7A4F7556}") = "DiscordUITest", "DiscordUITest\DiscordUITest.csproj", "{5799A21B-7B09-4532-9367-73D0BFA67572}"
EndProject
Project("{9A19103F-16F7-4668-BE54-9A1E7A4F7556}") = "SocialModelTest", "SocialModelTest\SocialModelTest.csproj", "{3771D5A6-2BC1-414D-8A8F-181BBCBCB39C}"
EndProject
Project("{9A19103F-16F7-4668-BE54-9A1E7A4F7556}") = "SystemModel", "SystemModel\SystemModel.csproj", "{BB2C9F27-5368-4CDA-9418-379E524F9D31}"
EndProject
Project("{9A19103F-16F7-4668-BE54-9A1E7A4F7556}") = "Glue", "Glue\Glue.csproj", "{029486C6-F09A-4971-A150-D08412CD2847}"
EndProject
Project("{9A19103F-16F7-4668-BE54-9A1E7A4F7556}") = "DatabaseTest", "DatabaseTest\DatabaseTest.csproj", "{870CCD3E-43D6-47CD-9913-FDDBDAF0C288}"
EndProject
Project("{9A19103F-16F7-4668-BE54-9A1E7A4F7556}") = "MiscTests", "MiscTests\MiscTests.csproj", "{0DB5D2BE-EABF-4563-862E-2406B9EEC200}"
EndProject
Project("{FAE04EC0-301F-11D3-BF4B-00C04F79EFBC}") = "TestingCommon", "TestingCommon\TestingCommon.csproj", "{39629838-AA65-4ABC-90F8-90EEC783DEB2}"
EndProject
Global
	GlobalSection(SolutionConfigurationPlatforms) = preSolution
		Debug|Any CPU = Debug|Any CPU
		Release|Any CPU = Release|Any CPU
	EndGlobalSection
	GlobalSection(ProjectConfigurationPlatforms) = postSolution
		{8D0E2D5D-5669-4079-8B19-80F709639F4B}.Debug|Any CPU.ActiveCfg = Debug|Any CPU
		{8D0E2D5D-5669-4079-8B19-80F709639F4B}.Debug|Any CPU.Build.0 = Debug|Any CPU
		{8D0E2D5D-5669-4079-8B19-80F709639F4B}.Release|Any CPU.ActiveCfg = Release|Any CPU
		{8D0E2D5D-5669-4079-8B19-80F709639F4B}.Release|Any CPU.Build.0 = Release|Any CPU
		{A7EEE053-84AE-4048-AD32-E1FFACE1B90B}.Debug|Any CPU.ActiveCfg = Debug|Any CPU
		{A7EEE053-84AE-4048-AD32-E1FFACE1B90B}.Debug|Any CPU.Build.0 = Debug|Any CPU
		{A7EEE053-84AE-4048-AD32-E1FFACE1B90B}.Release|Any CPU.ActiveCfg = Release|Any CPU
		{A7EEE053-84AE-4048-AD32-E1FFACE1B90B}.Release|Any CPU.Build.0 = Release|Any CPU
		{0392B992-E4CB-4E48-A3FB-F6425A7E6290}.Debug|Any CPU.ActiveCfg = Debug|Any CPU
		{0392B992-E4CB-4E48-A3FB-F6425A7E6290}.Debug|Any CPU.Build.0 = Debug|Any CPU
		{0392B992-E4CB-4E48-A3FB-F6425A7E6290}.Release|Any CPU.ActiveCfg = Release|Any CPU
		{0392B992-E4CB-4E48-A3FB-F6425A7E6290}.Release|Any CPU.Build.0 = Release|Any CPU
		{AE4583FB-457C-4F9C-A91A-C50EE006190D}.Debug|Any CPU.ActiveCfg = Debug|Any CPU
		{AE4583FB-457C-4F9C-A91A-C50EE006190D}.Debug|Any CPU.Build.0 = Debug|Any CPU
		{AE4583FB-457C-4F9C-A91A-C50EE006190D}.Release|Any CPU.ActiveCfg = Release|Any CPU
		{AE4583FB-457C-4F9C-A91A-C50EE006190D}.Release|Any CPU.Build.0 = Release|Any CPU
		{45C3C095-6993-4ACB-B10D-8FC8647C5F9A}.Debug|Any CPU.ActiveCfg = Debug|Any CPU
		{45C3C095-6993-4ACB-B10D-8FC8647C5F9A}.Debug|Any CPU.Build.0 = Debug|Any CPU
		{45C3C095-6993-4ACB-B10D-8FC8647C5F9A}.Release|Any CPU.ActiveCfg = Release|Any CPU
		{45C3C095-6993-4ACB-B10D-8FC8647C5F9A}.Release|Any CPU.Build.0 = Release|Any CPU
		{7944A752-0AF8-4246-8BF3-D78092A95539}.Debug|Any CPU.ActiveCfg = Debug|Any CPU
		{7944A752-0AF8-4246-8BF3-D78092A95539}.Debug|Any CPU.Build.0 = Debug|Any CPU
		{7944A752-0AF8-4246-8BF3-D78092A95539}.Release|Any CPU.ActiveCfg = Release|Any CPU
		{7944A752-0AF8-4246-8BF3-D78092A95539}.Release|Any CPU.Build.0 = Release|Any CPU
		{5E9D7543-EAE3-4FB5-AAD4-DA3565E8F189}.Debug|Any CPU.ActiveCfg = Debug|Any CPU
		{5E9D7543-EAE3-4FB5-AAD4-DA3565E8F189}.Debug|Any CPU.Build.0 = Debug|Any CPU
		{5E9D7543-EAE3-4FB5-AAD4-DA3565E8F189}.Release|Any CPU.ActiveCfg = Release|Any CPU
		{5E9D7543-EAE3-4FB5-AAD4-DA3565E8F189}.Release|Any CPU.Build.0 = Release|Any CPU
		{17A52D4F-40AF-40D5-9B6A-8562F934716E}.Debug|Any CPU.ActiveCfg = Debug|Any CPU
		{17A52D4F-40AF-40D5-9B6A-8562F934716E}.Debug|Any CPU.Build.0 = Debug|Any CPU
		{17A52D4F-40AF-40D5-9B6A-8562F934716E}.Release|Any CPU.ActiveCfg = Release|Any CPU
		{17A52D4F-40AF-40D5-9B6A-8562F934716E}.Release|Any CPU.Build.0 = Release|Any CPU
		{5799A21B-7B09-4532-9367-73D0BFA67572}.Debug|Any CPU.ActiveCfg = Debug|Any CPU
		{5799A21B-7B09-4532-9367-73D0BFA67572}.Debug|Any CPU.Build.0 = Debug|Any CPU
		{5799A21B-7B09-4532-9367-73D0BFA67572}.Release|Any CPU.ActiveCfg = Release|Any CPU
		{5799A21B-7B09-4532-9367-73D0BFA67572}.Release|Any CPU.Build.0 = Release|Any CPU
		{3771D5A6-2BC1-414D-8A8F-181BBCBCB39C}.Debug|Any CPU.ActiveCfg = Debug|Any CPU
		{3771D5A6-2BC1-414D-8A8F-181BBCBCB39C}.Debug|Any CPU.Build.0 = Debug|Any CPU
		{3771D5A6-2BC1-414D-8A8F-181BBCBCB39C}.Release|Any CPU.ActiveCfg = Release|Any CPU
		{3771D5A6-2BC1-414D-8A8F-181BBCBCB39C}.Release|Any CPU.Build.0 = Release|Any CPU
		{BB2C9F27-5368-4CDA-9418-379E524F9D31}.Debug|Any CPU.ActiveCfg = Debug|Any CPU
		{BB2C9F27-5368-4CDA-9418-379E524F9D31}.Debug|Any CPU.Build.0 = Debug|Any CPU
		{BB2C9F27-5368-4CDA-9418-379E524F9D31}.Release|Any CPU.ActiveCfg = Release|Any CPU
		{BB2C9F27-5368-4CDA-9418-379E524F9D31}.Release|Any CPU.Build.0 = Release|Any CPU
		{029486C6-F09A-4971-A150-D08412CD2847}.Debug|Any CPU.ActiveCfg = Debug|Any CPU
		{029486C6-F09A-4971-A150-D08412CD2847}.Debug|Any CPU.Build.0 = Debug|Any CPU
		{029486C6-F09A-4971-A150-D08412CD2847}.Release|Any CPU.ActiveCfg = Release|Any CPU
		{029486C6-F09A-4971-A150-D08412CD2847}.Release|Any CPU.Build.0 = Release|Any CPU
		{870CCD3E-43D6-47CD-9913-FDDBDAF0C288}.Debug|Any CPU.ActiveCfg = Debug|Any CPU
		{870CCD3E-43D6-47CD-9913-FDDBDAF0C288}.Debug|Any CPU.Build.0 = Debug|Any CPU
		{870CCD3E-43D6-47CD-9913-FDDBDAF0C288}.Release|Any CPU.ActiveCfg = Release|Any CPU
		{870CCD3E-43D6-47CD-9913-FDDBDAF0C288}.Release|Any CPU.Build.0 = Release|Any CPU
		{0DB5D2BE-EABF-4563-862E-2406B9EEC200}.Debug|Any CPU.ActiveCfg = Debug|Any CPU
		{0DB5D2BE-EABF-4563-862E-2406B9EEC200}.Debug|Any CPU.Build.0 = Debug|Any CPU
		{0DB5D2BE-EABF-4563-862E-2406B9EEC200}.Release|Any CPU.ActiveCfg = Release|Any CPU
		{0DB5D2BE-EABF-4563-862E-2406B9EEC200}.Release|Any CPU.Build.0 = Release|Any CPU
		{39629838-AA65-4ABC-90F8-90EEC783DEB2}.Debug|Any CPU.ActiveCfg = Debug|Any CPU
		{39629838-AA65-4ABC-90F8-90EEC783DEB2}.Debug|Any CPU.Build.0 = Debug|Any CPU
		{39629838-AA65-4ABC-90F8-90EEC783DEB2}.Release|Any CPU.ActiveCfg = Release|Any CPU
		{39629838-AA65-4ABC-90F8-90EEC783DEB2}.Release|Any CPU.Build.0 = Release|Any CPU
	EndGlobalSection
	GlobalSection(SolutionProperties) = preSolution
		HideSolutionNode = FALSE
	EndGlobalSection
	GlobalSection(NestedProjects) = preSolution
		{8D0E2D5D-5669-4079-8B19-80F709639F4B} = {B518D59E-56DA-4A54-984E-672C69477E5B}
		{A7EEE053-84AE-4048-AD32-E1FFACE1B90B} = {D00DEDE7-4703-4675-920D-120126DB6E52}
		{0392B992-E4CB-4E48-A3FB-F6425A7E6290} = {B518D59E-56DA-4A54-984E-672C69477E5B}
		{AE4583FB-457C-4F9C-A91A-C50EE006190D} = {B518D59E-56DA-4A54-984E-672C69477E5B}
		{45C3C095-6993-4ACB-B10D-8FC8647C5F9A} = {B518D59E-56DA-4A54-984E-672C69477E5B}
		{7944A752-0AF8-4246-8BF3-D78092A95539} = {F56120C0-020E-4FBF-949B-6DEDF9229B53}
		{5E9D7543-EAE3-4FB5-AAD4-DA3565E8F189} = {F56120C0-020E-4FBF-949B-6DEDF9229B53}
		{17A52D4F-40AF-40D5-9B6A-8562F934716E} = {F56120C0-020E-4FBF-949B-6DEDF9229B53}
		{5799A21B-7B09-4532-9367-73D0BFA67572} = {F56120C0-020E-4FBF-949B-6DEDF9229B53}
		{3771D5A6-2BC1-414D-8A8F-181BBCBCB39C} = {F56120C0-020E-4FBF-949B-6DEDF9229B53}
		{BB2C9F27-5368-4CDA-9418-379E524F9D31} = {B518D59E-56DA-4A54-984E-672C69477E5B}
		{029486C6-F09A-4971-A150-D08412CD2847} = {B518D59E-56DA-4A54-984E-672C69477E5B}
		{870CCD3E-43D6-47CD-9913-FDDBDAF0C288} = {F56120C0-020E-4FBF-949B-6DEDF9229B53}
		{0DB5D2BE-EABF-4563-862E-2406B9EEC200} = {F56120C0-020E-4FBF-949B-6DEDF9229B53}
		{39629838-AA65-4ABC-90F8-90EEC783DEB2} = {F56120C0-020E-4FBF-949B-6DEDF9229B53}
	EndGlobalSection
	GlobalSection(ExtensibilityGlobals) = postSolution
		SolutionGuid = {5D1D36BA-FD86-4C21-851D-C55F8950DD77}
	EndGlobalSection
EndGlobal
